{
  "pins" : [
    {
      "identity" : "feedbacksender",
      "kind" : "remoteSourceControl",
      "location" : "https://github.com/OlegEremenko991/FeedbackSender",
      "state" : {
        "revision" : "f1344cbd04a9baef7cc135947efb7c68c256b225",
        "version" : "1.0.1"
      }
    },
    {
      "identity" : "realm-cocoa",
      "kind" : "remoteSourceControl",
      "location" : "https://github.com/realm/realm-cocoa.git",
      "state" : {
        "revision" : "8249489f28d36f9f37ed076c95029059c60b556d",
        "version" : "10.43.0"
      }
    },
    {
      "identity" : "realm-core",
      "kind" : "remoteSourceControl",
      "location" : "https://github.com/realm/realm-core.git",
      "state" : {
        "revision" : "e836317e8238bd32f06086dd7ce6768ef574beb6",
        "version" : "13.22.0"
      }
    }
  ],
  "version" : 2
}
