// !$*UTF8*$!
{
	archiveVersion = 1;
	classes = {
	};
	objectVersion = 52;
	objects = {

/* Begin PBXBuildFile section */
		6728A4BD24A916FD008C10E3 /* AddItemDelegateProtocol.swift in Sources */ = {isa = PBXBuildFile; fileRef = 6728A4BC24A916FD008C10E3 /* AddItemDelegateProtocol.swift */; };
		6728A4BF24A917C1008C10E3 /* AddItemDelegate.swift in Sources */ = {isa = PBXBuildFile; fileRef = 6728A4BE24A917C1008C10E3 /* AddItemDelegate.swift */; };
		67D5FB8D24A8D74400F9ED26 /* AppDelegate.swift in Sources */ = {isa = PBXBuildFile; fileRef = 67D5FB8C24A8D74400F9ED26 /* AppDelegate.swift */; };
		67D5FB8F24A8D74400F9ED26 /* SceneDelegate.swift in Sources */ = {isa = PBXBuildFile; fileRef = 67D5FB8E24A8D74400F9ED26 /* SceneDelegate.swift */; };
		67D5FB9124A8D74400F9ED26 /* MainViewController.swift in Sources */ = {isa = PBXBuildFile; fileRef = 67D5FB9024A8D74400F9ED26 /* MainViewController.swift */; };
		67D5FB9424A8D74400F9ED26 /* Main.storyboard in Resources */ = {isa = PBXBuildFile; fileRef = 67D5FB9224A8D74400F9ED26 /* Main.storyboard */; };
		67D5FB9624A8D74A00F9ED26 /* Assets.xcassets in Resources */ = {isa = PBXBuildFile; fileRef = 67D5FB9524A8D74A00F9ED26 /* Assets.xcassets */; };
		67D5FB9924A8D74A00F9ED26 /* LaunchScreen.storyboard in Resources */ = {isa = PBXBuildFile; fileRef = 67D5FB9724A8D74A00F9ED26 /* LaunchScreen.storyboard */; };
		67D5FBA224A8DF7100F9ED26 /* Realm in Frameworks */ = {isa = PBXBuildFile; productRef = 67D5FBA124A8DF7100F9ED26 /* Realm */; };
		67D5FBA424A8DF7100F9ED26 /* RealmSwift in Frameworks */ = {isa = PBXBuildFile; productRef = 67D5FBA324A8DF7100F9ED26 /* RealmSwift */; };
		67D5FBA924A8E07D00F9ED26 /* Model.swift in Sources */ = {isa = PBXBuildFile; fileRef = 67D5FBA824A8E07D00F9ED26 /* Model.swift */; };
		67D5FBAB24A8E1CD00F9ED26 /* TableViewCell.swift in Sources */ = {isa = PBXBuildFile; fileRef = 67D5FBAA24A8E1CD00F9ED26 /* TableViewCell.swift */; };
		67D5FBAD24A8E25A00F9ED26 /* MainScreenViewModel.swift in Sources */ = {isa = PBXBuildFile; fileRef = 67D5FBAC24A8E25A00F9ED26 /* MainScreenViewModel.swift */; };
		67D5FBB024A8E47100F9ED26 /* UITableViewDataSource.swift in Sources */ = {isa = PBXBuildFile; fileRef = 67D5FBAF24A8E47100F9ED26 /* UITableViewDataSource.swift */; };
		67D5FBB224A8E4B400F9ED26 /* UITableViewDelegate.swift in Sources */ = {isa = PBXBuildFile; fileRef = 67D5FBB124A8E4B400F9ED26 /* UITableViewDelegate.swift */; };
		67D5FBB424A8FEE100F9ED26 /* AddItemViewController.swift in Sources */ = {isa = PBXBuildFile; fileRef = 67D5FBB324A8FEE100F9ED26 /* AddItemViewController.swift */; };
/* End PBXBuildFile section */

/* Begin PBXFileReference section */
		6728A4BC24A916FD008C10E3 /* AddItemDelegateProtocol.swift */ = {isa = PBXFileReference; lastKnownFileType = sourcecode.swift; path = AddItemDelegateProtocol.swift; sourceTree = "<group>"; };
		6728A4BE24A917C1008C10E3 /* AddItemDelegate.swift */ = {isa = PBXFileReference; lastKnownFileType = sourcecode.swift; path = AddItemDelegate.swift; sourceTree = "<group>"; };
		67D5FB8924A8D74400F9ED26 /* Days 2.1.app */ = {isa = PBXFileReference; explicitFileType = wrapper.application; includeInIndex = 0; path = "Days 2.1.app"; sourceTree = BUILT_PRODUCTS_DIR; };
		67D5FB8C24A8D74400F9ED26 /* AppDelegate.swift */ = {isa = PBXFileReference; lastKnownFileType = sourcecode.swift; path = AppDelegate.swift; sourceTree = "<group>"; };
		67D5FB8E24A8D74400F9ED26 /* SceneDelegate.swift */ = {isa = PBXFileReference; lastKnownFileType = sourcecode.swift; path = SceneDelegate.swift; sourceTree = "<group>"; };
		67D5FB9024A8D74400F9ED26 /* MainViewController.swift */ = {isa = PBXFileReference; lastKnownFileType = sourcecode.swift; path = MainViewController.swift; sourceTree = "<group>"; };
		67D5FB9324A8D74400F9ED26 /* Base */ = {isa = PBXFileReference; lastKnownFileType = file.storyboard; name = Base; path = Base.lproj/Main.storyboard; sourceTree = "<group>"; };
		67D5FB9524A8D74A00F9ED26 /* Assets.xcassets */ = {isa = PBXFileReference; lastKnownFileType = folder.assetcatalog; path = Assets.xcassets; sourceTree = "<group>"; };
		67D5FB9824A8D74A00F9ED26 /* Base */ = {isa = PBXFileReference; lastKnownFileType = file.storyboard; name = Base; path = Base.lproj/LaunchScreen.storyboard; sourceTree = "<group>"; };
		67D5FB9A24A8D74A00F9ED26 /* Info.plist */ = {isa = PBXFileReference; lastKnownFileType = text.plist.xml; path = Info.plist; sourceTree = "<group>"; };
		67D5FBA824A8E07D00F9ED26 /* Model.swift */ = {isa = PBXFileReference; lastKnownFileType = sourcecode.swift; path = Model.swift; sourceTree = "<group>"; };
		67D5FBAA24A8E1CD00F9ED26 /* TableViewCell.swift */ = {isa = PBXFileReference; lastKnownFileType = sourcecode.swift; path = TableViewCell.swift; sourceTree = "<group>"; };
		67D5FBAC24A8E25A00F9ED26 /* MainScreenViewModel.swift */ = {isa = PBXFileReference; lastKnownFileType = sourcecode.swift; path = MainScreenViewModel.swift; sourceTree = "<group>"; };
		67D5FBAF24A8E47100F9ED26 /* UITableViewDataSource.swift */ = {isa = PBXFileReference; lastKnownFileType = sourcecode.swift; path = UITableViewDataSource.swift; sourceTree = "<group>"; };
		67D5FBB124A8E4B400F9ED26 /* UITableViewDelegate.swift */ = {isa = PBXFileReference; lastKnownFileType = sourcecode.swift; path = UITableViewDelegate.swift; sourceTree = "<group>"; };
		67D5FBB324A8FEE100F9ED26 /* AddItemViewController.swift */ = {isa = PBXFileReference; lastKnownFileType = sourcecode.swift; path = AddItemViewController.swift; sourceTree = "<group>"; };
/* End PBXFileReference section */

/* Begin PBXFrameworksBuildPhase section */
		67D5FB8624A8D74400F9ED26 /* Frameworks */ = {
			isa = PBXFrameworksBuildPhase;
			buildActionMask = 2147483647;
			files = (
				67D5FBA424A8DF7100F9ED26 /* RealmSwift in Frameworks */,
				67D5FBA224A8DF7100F9ED26 /* Realm in Frameworks */,
			);
			runOnlyForDeploymentPostprocessing = 0;
		};
/* End PBXFrameworksBuildPhase section */

/* Begin PBXGroup section */
		6728A4C024A92325008C10E3 /* Protocols */ = {
			isa = PBXGroup;
			children = (
				6728A4BC24A916FD008C10E3 /* AddItemDelegateProtocol.swift */,
			);
			path = Protocols;
			sourceTree = "<group>";
		};
		67D5FB8024A8D74400F9ED26 = {
			isa = PBXGroup;
			children = (
				67D5FB8B24A8D74400F9ED26 /* Days 2.1 */,
				67D5FB8A24A8D74400F9ED26 /* Products */,
			);
			sourceTree = "<group>";
		};
		67D5FB8A24A8D74400F9ED26 /* Products */ = {
			isa = PBXGroup;
			children = (
				67D5FB8924A8D74400F9ED26 /* Days 2.1.app */,
			);
			name = Products;
			sourceTree = "<group>";
		};
		67D5FB8B24A8D74400F9ED26 /* Days 2.1 */ = {
			isa = PBXGroup;
			children = (
				67D5FBA524A8DF7E00F9ED26 /* Model */,
				67D5FBA724A8DF8900F9ED26 /* ViewModel */,
				67D5FBA624A8DF8300F9ED26 /* View */,
				67D5FBAE24A8E46700F9ED26 /* Extensions */,
				6728A4C024A92325008C10E3 /* Protocols */,
				67D5FB8C24A8D74400F9ED26 /* AppDelegate.swift */,
				67D5FB8E24A8D74400F9ED26 /* SceneDelegate.swift */,
				67D5FB9524A8D74A00F9ED26 /* Assets.xcassets */,
				67D5FB9A24A8D74A00F9ED26 /* Info.plist */,
			);
			path = "Days 2.1";
			sourceTree = "<group>";
		};
		67D5FBA524A8DF7E00F9ED26 /* Model */ = {
			isa = PBXGroup;
			children = (
				67D5FBA824A8E07D00F9ED26 /* Model.swift */,
			);
			path = Model;
			sourceTree = "<group>";
		};
		67D5FBA624A8DF8300F9ED26 /* View */ = {
			isa = PBXGroup;
			children = (
				67D5FB9024A8D74400F9ED26 /* MainViewController.swift */,
				67D5FBAA24A8E1CD00F9ED26 /* TableViewCell.swift */,
				67D5FBB324A8FEE100F9ED26 /* AddItemViewController.swift */,
				67D5FB9724A8D74A00F9ED26 /* LaunchScreen.storyboard */,
				67D5FB9224A8D74400F9ED26 /* Main.storyboard */,
			);
			path = View;
			sourceTree = "<group>";
		};
		67D5FBA724A8DF8900F9ED26 /* ViewModel */ = {
			isa = PBXGroup;
			children = (
				67D5FBAC24A8E25A00F9ED26 /* MainScreenViewModel.swift */,
			);
			path = ViewModel;
			sourceTree = "<group>";
		};
		67D5FBAE24A8E46700F9ED26 /* Extensions */ = {
			isa = PBXGroup;
			children = (
				67D5FBAF24A8E47100F9ED26 /* UITableViewDataSource.swift */,
				67D5FBB124A8E4B400F9ED26 /* UITableViewDelegate.swift */,
				6728A4BE24A917C1008C10E3 /* AddItemDelegate.swift */,
			);
			path = Extensions;
			sourceTree = "<group>";
		};
/* End PBXGroup section */

/* Begin PBXNativeTarget section */
		67D5FB8824A8D74400F9ED26 /* Days 2.1 */ = {
			isa = PBXNativeTarget;
			buildConfigurationList = 67D5FB9D24A8D74A00F9ED26 /* Build configuration list for PBXNativeTarget "Days 2.1" */;
			buildPhases = (
				67D5FB8524A8D74400F9ED26 /* Sources */,
				67D5FB8624A8D74400F9ED26 /* Frameworks */,
				67D5FB8724A8D74400F9ED26 /* Resources */,
			);
			buildRules = (
			);
			dependencies = (
			);
			name = "Days 2.1";
			packageProductDependencies = (
				67D5FBA124A8DF7100F9ED26 /* Realm */,
				67D5FBA324A8DF7100F9ED26 /* RealmSwift */,
			);
			productName = "Days 2.1";
			productReference = 67D5FB8924A8D74400F9ED26 /* Days 2.1.app */;
			productType = "com.apple.product-type.application";
		};
/* End PBXNativeTarget section */

/* Begin PBXProject section */
		67D5FB8124A8D74400F9ED26 /* Project object */ = {
			isa = PBXProject;
			attributes = {
				LastSwiftUpdateCheck = 1150;
				LastUpgradeCheck = 1150;
				ORGANIZATIONNAME = "Oleg Eremenko";
				TargetAttributes = {
					67D5FB8824A8D74400F9ED26 = {
						CreatedOnToolsVersion = 11.5;
					};
				};
			};
			buildConfigurationList = 67D5FB8424A8D74400F9ED26 /* Build configuration list for PBXProject "Days 2.1" */;
			compatibilityVersion = "Xcode 9.3";
			developmentRegion = en;
			hasScannedForEncodings = 0;
			knownRegions = (
				en,
				Base,
			);
			mainGroup = 67D5FB8024A8D74400F9ED26;
			packageReferences = (
				67D5FBA024A8DF7100F9ED26 /* XCRemoteSwiftPackageReference "realm-cocoa" */,
			);
			productRefGroup = 67D5FB8A24A8D74400F9ED26 /* Products */;
			projectDirPath = "";
			projectRoot = "";
			targets = (
				67D5FB8824A8D74400F9ED26 /* Days 2.1 */,
			);
		};
/* End PBXProject section */

/* Begin PBXResourcesBuildPhase section */
		67D5FB8724A8D74400F9ED26 /* Resources */ = {
			isa = PBXResourcesBuildPhase;
			buildActionMask = 2147483647;
			files = (
				67D5FB9924A8D74A00F9ED26 /* LaunchScreen.storyboard in Resources */,
				67D5FB9624A8D74A00F9ED26 /* Assets.xcassets in Resources */,
				67D5FB9424A8D74400F9ED26 /* Main.storyboard in Resources */,
			);
			runOnlyForDeploymentPostprocessing = 0;
		};
/* End PBXResourcesBuildPhase section */

/* Begin PBXSourcesBuildPhase section */
		67D5FB8524A8D74400F9ED26 /* Sources */ = {
			isa = PBXSourcesBuildPhase;
			buildActionMask = 2147483647;
			files = (
				67D5FBAB24A8E1CD00F9ED26 /* TableViewCell.swift in Sources */,
				67D5FB9124A8D74400F9ED26 /* MainViewController.swift in Sources */,
				67D5FB8D24A8D74400F9ED26 /* AppDelegate.swift in Sources */,
				67D5FB8F24A8D74400F9ED26 /* SceneDelegate.swift in Sources */,
				6728A4BF24A917C1008C10E3 /* AddItemDelegate.swift in Sources */,
				67D5FBB424A8FEE100F9ED26 /* AddItemViewController.swift in Sources */,
				6728A4BD24A916FD008C10E3 /* AddItemDelegateProtocol.swift in Sources */,
				67D5FBAD24A8E25A00F9ED26 /* MainScreenViewModel.swift in Sources */,
				67D5FBA924A8E07D00F9ED26 /* Model.swift in Sources */,
				67D5FBB024A8E47100F9ED26 /* UITableViewDataSource.swift in Sources */,
				67D5FBB224A8E4B400F9ED26 /* UITableViewDelegate.swift in Sources */,
			);
			runOnlyForDeploymentPostprocessing = 0;
		};
/* End PBXSourcesBuildPhase section */

/* Begin PBXVariantGroup section */
		67D5FB9224A8D74400F9ED26 /* Main.storyboard */ = {
			isa = PBXVariantGroup;
			children = (
				67D5FB9324A8D74400F9ED26 /* Base */,
			);
			name = Main.storyboard;
			sourceTree = "<group>";
		};
		67D5FB9724A8D74A00F9ED26 /* LaunchScreen.storyboard */ = {
			isa = PBXVariantGroup;
			children = (
				67D5FB9824A8D74A00F9ED26 /* Base */,
			);
			name = LaunchScreen.storyboard;
			sourceTree = "<group>";
		};
/* End PBXVariantGroup section */

/* Begin XCBuildConfiguration section */
		67D5FB9B24A8D74A00F9ED26 /* Debug */ = {
			isa = XCBuildConfiguration;
			buildSettings = {
				ALWAYS_SEARCH_USER_PATHS = NO;
				CLANG_ANALYZER_NONNULL = YES;
				CLANG_ANALYZER_NUMBER_OBJECT_CONVERSION = YES_AGGRESSIVE;
				CLANG_CXX_LANGUAGE_STANDARD = "gnu++14";
				CLANG_CXX_LIBRARY = "libc++";
				CLANG_ENABLE_MODULES = YES;
				CLANG_ENABLE_OBJC_ARC = YES;
				CLANG_ENABLE_OBJC_WEAK = YES;
				CLANG_WARN_BLOCK_CAPTURE_AUTORELEASING = YES;
				CLANG_WARN_BOOL_CONVERSION = YES;
				CLANG_WARN_COMMA = YES;
				CLANG_WARN_CONSTANT_CONVERSION = YES;
				CLANG_WARN_DEPRECATED_OBJC_IMPLEMENTATIONS = YES;
				CLANG_WARN_DIRECT_OBJC_ISA_USAGE = YES_ERROR;
				CLANG_WARN_DOCUMENTATION_COMMENTS = YES;
				CLANG_WARN_EMPTY_BODY = YES;
				CLANG_WARN_ENUM_CONVERSION = YES;
				CLANG_WARN_INFINITE_RECURSION = YES;
				CLANG_WARN_INT_CONVERSION = YES;
				CLANG_WARN_NON_LITERAL_NULL_CONVERSION = YES;
				CLANG_WARN_OBJC_IMPLICIT_RETAIN_SELF = YES;
				CLANG_WARN_OBJC_LITERAL_CONVERSION = YES;
				CLANG_WARN_OBJC_ROOT_CLASS = YES_ERROR;
				CLANG_WARN_RANGE_LOOP_ANALYSIS = YES;
				CLANG_WARN_STRICT_PROTOTYPES = YES;
				CLANG_WARN_SUSPICIOUS_MOVE = YES;
				CLANG_WARN_UNGUARDED_AVAILABILITY = YES_AGGRESSIVE;
				CLANG_WARN_UNREACHABLE_CODE = YES;
				CLANG_WARN__DUPLICATE_METHOD_MATCH = YES;
				COPY_PHASE_STRIP = NO;
				DEBUG_INFORMATION_FORMAT = dwarf;
				ENABLE_STRICT_OBJC_MSGSEND = YES;
				ENABLE_TESTABILITY = YES;
				GCC_C_LANGUAGE_STANDARD = gnu11;
				GCC_DYNAMIC_NO_PIC = NO;
				GCC_NO_COMMON_BLOCKS = YES;
				GCC_OPTIMIZATION_LEVEL = 0;
				GCC_PREPROCESSOR_DEFINITIONS = (
					"DEBUG=1",
					"$(inherited)",
				);
				GCC_WARN_64_TO_32_BIT_CONVERSION = YES;
				GCC_WARN_ABOUT_RETURN_TYPE = YES_ERROR;
				GCC_WARN_UNDECLARED_SELECTOR = YES;
				GCC_WARN_UNINITIALIZED_AUTOS = YES_AGGRESSIVE;
				GCC_WARN_UNUSED_FUNCTION = YES;
				GCC_WARN_UNUSED_VARIABLE = YES;
				IPHONEOS_DEPLOYMENT_TARGET = 13.5;
				MTL_ENABLE_DEBUG_INFO = INCLUDE_SOURCE;
				MTL_FAST_MATH = YES;
				ONLY_ACTIVE_ARCH = YES;
				SDKROOT = iphoneos;
				SWIFT_ACTIVE_COMPILATION_CONDITIONS = DEBUG;
				SWIFT_OPTIMIZATION_LEVEL = "-Onone";
			};
			name = Debug;
		};
		67D5FB9C24A8D74A00F9ED26 /* Release */ = {
			isa = XCBuildConfiguration;
			buildSettings = {
				ALWAYS_SEARCH_USER_PATHS = NO;
				CLANG_ANALYZER_NONNULL = YES;
				CLANG_ANALYZER_NUMBER_OBJECT_CONVERSION = YES_AGGRESSIVE;
				CLANG_CXX_LANGUAGE_STANDARD = "gnu++14";
				CLANG_CXX_LIBRARY = "libc++";
				CLANG_ENABLE_MODULES = YES;
				CLANG_ENABLE_OBJC_ARC = YES;
				CLANG_ENABLE_OBJC_WEAK = YES;
				CLANG_WARN_BLOCK_CAPTURE_AUTORELEASING = YES;
				CLANG_WARN_BOOL_CONVERSION = YES;
				CLANG_WARN_COMMA = YES;
				CLANG_WARN_CONSTANT_CONVERSION = YES;
				CLANG_WARN_DEPRECATED_OBJC_IMPLEMENTATIONS = YES;
				CLANG_WARN_DIRECT_OBJC_ISA_USAGE = YES_ERROR;
				CLANG_WARN_DOCUMENTATION_COMMENTS = YES;
				CLANG_WARN_EMPTY_BODY = YES;
				CLANG_WARN_ENUM_CONVERSION = YES;
				CLANG_WARN_INFINITE_RECURSION = YES;
				CLANG_WARN_INT_CONVERSION = YES;
				CLANG_WARN_NON_LITERAL_NULL_CONVERSION = YES;
				CLANG_WARN_OBJC_IMPLICIT_RETAIN_SELF = YES;
				CLANG_WARN_OBJC_LITERAL_CONVERSION = YES;
				CLANG_WARN_OBJC_ROOT_CLASS = YES_ERROR;
				CLANG_WARN_RANGE_LOOP_ANALYSIS = YES;
				CLANG_WARN_STRICT_PROTOTYPES = YES;
				CLANG_WARN_SUSPICIOUS_MOVE = YES;
				CLANG_WARN_UNGUARDED_AVAILABILITY = YES_AGGRESSIVE;
				CLANG_WARN_UNREACHABLE_CODE = YES;
				CLANG_WARN__DUPLICATE_METHOD_MATCH = YES;
				COPY_PHASE_STRIP = NO;
				DEBUG_INFORMATION_FORMAT = "dwarf-with-dsym";
				ENABLE_NS_ASSERTIONS = NO;
				ENABLE_STRICT_OBJC_MSGSEND = YES;
				GCC_C_LANGUAGE_STANDARD = gnu11;
				GCC_NO_COMMON_BLOCKS = YES;
				GCC_WARN_64_TO_32_BIT_CONVERSION = YES;
				GCC_WARN_ABOUT_RETURN_TYPE = YES_ERROR;
				GCC_WARN_UNDECLARED_SELECTOR = YES;
				GCC_WARN_UNINITIALIZED_AUTOS = YES_AGGRESSIVE;
				GCC_WARN_UNUSED_FUNCTION = YES;
				GCC_WARN_UNUSED_VARIABLE = YES;
				IPHONEOS_DEPLOYMENT_TARGET = 13.5;
				MTL_ENABLE_DEBUG_INFO = NO;
				MTL_FAST_MATH = YES;
				SDKROOT = iphoneos;
				SWIFT_COMPILATION_MODE = wholemodule;
				SWIFT_OPTIMIZATION_LEVEL = "-O";
				VALIDATE_PRODUCT = YES;
			};
			name = Release;
		};
		67D5FB9E24A8D74A00F9ED26 /* Debug */ = {
			isa = XCBuildConfiguration;
			buildSettings = {
				ASSETCATALOG_COMPILER_APPICON_NAME = AppIcon;
				CODE_SIGN_STYLE = Automatic;
				DEVELOPMENT_TEAM = 3PHS45582J;
				INFOPLIST_FILE = "Days 2.1/Info.plist";
				LD_RUNPATH_SEARCH_PATHS = (
					"$(inherited)",
					"@executable_path/Frameworks",
				);
				PRODUCT_BUNDLE_IDENTIFIER = "com.oleg991.Days-2-1";
				PRODUCT_NAME = "$(TARGET_NAME)";
				SWIFT_VERSION = 5.0;
				TARGETED_DEVICE_FAMILY = "1,2";
			};
			name = Debug;
		};
		67D5FB9F24A8D74A00F9ED26 /* Release */ = {
			isa = XCBuildConfiguration;
			buildSettings = {
				ASSETCATALOG_COMPILER_APPICON_NAME = AppIcon;
				CODE_SIGN_STYLE = Automatic;
				DEVELOPMENT_TEAM = 3PHS45582J;
				INFOPLIST_FILE = "Days 2.1/Info.plist";
				LD_RUNPATH_SEARCH_PATHS = (
					"$(inherited)",
					"@executable_path/Frameworks",
				);
				PRODUCT_BUNDLE_IDENTIFIER = "com.oleg991.Days-2-1";
				PRODUCT_NAME = "$(TARGET_NAME)";
				SWIFT_VERSION = 5.0;
				TARGETED_DEVICE_FAMILY = "1,2";
			};
			name = Release;
		};
/* End XCBuildConfiguration section */

/* Begin XCConfigurationList section */
		67D5FB8424A8D74400F9ED26 /* Build configuration list for PBXProject "Days 2.1" */ = {
			isa = XCConfigurationList;
			buildConfigurations = (
				67D5FB9B24A8D74A00F9ED26 /* Debug */,
				67D5FB9C24A8D74A00F9ED26 /* Release */,
			);
			defaultConfigurationIsVisible = 0;
			defaultConfigurationName = Release;
		};
		67D5FB9D24A8D74A00F9ED26 /* Build configuration list for PBXNativeTarget "Days 2.1" */ = {
			isa = XCConfigurationList;
			buildConfigurations = (
				67D5FB9E24A8D74A00F9ED26 /* Debug */,
				67D5FB9F24A8D74A00F9ED26 /* Release */,
			);
			defaultConfigurationIsVisible = 0;
			defaultConfigurationName = Release;
		};
/* End XCConfigurationList section */

/* Begin XCRemoteSwiftPackageReference section */
		67D5FBA024A8DF7100F9ED26 /* XCRemoteSwiftPackageReference "realm-cocoa" */ = {
			isa = XCRemoteSwiftPackageReference;
			repositoryURL = "https://github.com/realm/realm-cocoa";
			requirement = {
				kind = upToNextMajorVersion;
				minimumVersion = 5.1.0;
			};
		};
/* End XCRemoteSwiftPackageReference section */

/* Begin XCSwiftPackageProductDependency section */
		67D5FBA124A8DF7100F9ED26 /* Realm */ = {
			isa = XCSwiftPackageProductDependency;
			package = 67D5FBA024A8DF7100F9ED26 /* XCRemoteSwiftPackageReference "realm-cocoa" */;
			productName = Realm;
		};
		67D5FBA324A8DF7100F9ED26 /* RealmSwift */ = {
			isa = XCSwiftPackageProductDependency;
			package = 67D5FBA024A8DF7100F9ED26 /* XCRemoteSwiftPackageReference "realm-cocoa" */;
			productName = RealmSwift;
		};
/* End XCSwiftPackageProductDependency section */
	};
	rootObject = 67D5FB8124A8D74400F9ED26 /* Project object */;
}
